
Microsoft Visual Studio Solution File, Format Version 12.00
# Visual Studio Version 17
VisualStudioVersion = 17.9.34728.123
MinimumVisualStudioVersion = 10.0.40219.1
Project("{FAE04EC0-301F-11D3-BF4B-00C04F79EFBC}") = "myte", "myte.csproj", "{81898179-F1AD-4199-A583-20EB4D91B211}"
EndProject
Global
	GlobalSection(SolutionConfigurationPlatforms) = preSolution
		Debug|Any CPU = Debug|Any CPU
		Release|Any CPU = Release|Any CPU
	EndGlobalSection
	GlobalSection(ProjectConfigurationPlatforms) = postSolution
		{81898179-F1AD-4199-A583-20EB4D91B211}.Debug|Any CPU.ActiveCfg = Debug|Any CPU
		{81898179-F1AD-4199-A583-20EB4D91B211}.Debug|Any CPU.Build.0 = Debug|Any CPU
		{81898179-F1AD-4199-A583-20EB4D91B211}.Release|Any CPU.ActiveCfg = Release|Any CPU
		{81898179-F1AD-4199-A583-20EB4D91B211}.Release|Any CPU.Build.0 = Release|Any CPU
	EndGlobalSection
	GlobalSection(SolutionProperties) = preSolution
		HideSolutionNode = FALSE
	EndGlobalSection
	GlobalSection(ExtensibilityGlobals) = postSolution
		SolutionGuid = {059CD941-58CB-47A6-91DC-00613E94BAF6}
	EndGlobalSection
EndGlobal
